{
  "requires": true,
  "lockfileVersion": 1,
  "dependencies": {
    "react-native-pager-view": {
      "version": "6.1.1",
      "resolved": "https://registry.npmjs.org/react-native-pager-view/-/react-native-pager-view-6.1.1.tgz",
      "integrity": "sha512-4WqR0YWBjaUtc3iPVk8w6wsTsMq+r0plNiXdqPXOiUdQIhxKfsP1iqb6hRzdeJKOo8UH7RCP6zI7dxdFEAXzrw=="
    },
    "react-native-tab-view": {
      "version": "3.3.0",
      "resolved": "https://registry.npmjs.org/react-native-tab-view/-/react-native-tab-view-3.3.0.tgz",
      "integrity": "sha512-xjAQe657Gp/de2QHb7ptksTg8Jcb+j3fLAdcYryzfavt/pe+HtKLpkCtQsxyIJpRrAO7YPxFsymi2N4MnNfePA==",
      "requires": {
        "use-latest-callback": "^0.1.5"
      }
    },
    "use-latest-callback": {
      "version": "0.1.5",
      "resolved": "https://registry.npmjs.org/use-latest-callback/-/use-latest-callback-0.1.5.tgz",
      "integrity": "sha512-HtHatS2U4/h32NlkhupDsPlrbiD27gSH5swBdtXbCAlc6pfOFzaj0FehW/FO12rx8j2Vy4/lJScCiJyM01E+bQ=="
    }
  }
}
